{
    "_meta": {
        "hash": {
            "sha256": "e57f60ea9dee91bec27dd5254d365ca11402517cde9e82457f05fdff5301735d"
        },
        "pipfile-spec": 6,
        "requires": {
            "python_version": "3.13"
        },
        "sources": [
            {
                "name": "pypi",
                "url": "https://pypi.org/simple",
                "verify_ssl": true
            }
        ]
    },
    "default": {
        "app": {
            "editable": true,
            "file": "."
        },
        "datetime": {
            "hashes": [
                "sha256:0abf6c51cb4ba7cee775ca46ccc727f3afdde463be28dbbe8803631fefd4a120",
                "sha256:21ec6331f87a7fcb57bd7c59e8a68bfffe6fcbf5acdbbc7b356d6a9a020191d3"
            ],
            "index": "pypi",
            "markers": "python_version >= '3.7'",
            "version": "==5.5"
        },
        "iniconfig": {
            "hashes": [
                "sha256:c76315c77db068650d49c5b56314774a7804df16fee4402c1f19d6d15d8c4730",
                "sha256:f631c04d2c48c52b84d0d0549c99ff3859c98df65b3101406327ecc7d53fbf12"
            ],
            "markers": "python_version >= '3.10'",
            "version": "==2.3.0"
        },
        "packaging": {
            "hashes": [
                "sha256:29572ef2b1f17581046b3a2227d5c611fb25ec70ca1ba8554b24b0e69331a484",
                "sha256:d443872c98d677bf60f6a1f2f8c1cb748e8fe762d2bf9d3148b5599295b0fc4f"
            ],
            "markers": "python_version >= '3.8'",
            "version": "==25.0"
        },
        "pathlib": {
            "hashes": [
                "sha256:306314b3786f4c534d0cf618cb0d3ca8f1f16a69db399d21c0571ce2661e20f6"
            ],
            "index": "pypi",
            "version": "==1.0"
        },
        "pluggy": {
            "hashes": [
                "sha256:7dcc130b76258d33b90f61b658791dede3486c3e6bfb003ee5c9bfb396dd22f3",
                "sha256:e920276dd6813095e9377c0bc5566d94c932c33b27a3e3945d8389c374dd4746"
            ],
            "markers": "python_version >= '3.9'",
            "version": "==1.6.0"
        },
        "pygments": {
            "hashes": [
                "sha256:636cb2477cec7f8952536970bc533bc43743542f70392ae026374600add5b887",
                "sha256:86540386c03d588bb81d44bc3928634ff26449851e99741617ecb9037ee5ec0b"
            ],
            "markers": "python_version >= '3.8'",
            "version": "==2.19.2"
        },
        "pytest": {
            "hashes": [
                "sha256:86c0d0b93306b961d58d62a4db4879f27fe25513d4b969df351abdddb3c30e01",
                "sha256:872f880de3fc3a5bdc88a11b39c9710c3497a547cfa9320bc3c5e62fbf272e79"
            ],
            "index": "pypi",
            "markers": "python_version >= '3.9'",
            "version": "==8.4.2"
        },
        "pytz": {
            "hashes": [
                "sha256:360b9e3dbb49a209c21ad61809c7fb453643e048b38924c765813546746e81c3",
                "sha256:5ddf76296dd8c44c26eb8f4b6f35488f3ccbf6fbbd7adee0b7262d43f0ec2f00"
            ],
            "version": "==2025.2"
        },
        "zope.interface": {
            "hashes": [
                "sha256:04ee726e6939be1c2924d8513a17eb819217129e25d3217ca009cf9c8832e3fe",
                "sha256:10f06d128f1c181ded3af08c5004abcb3719c13a976ce9163124e7eeded6899a",
                "sha256:17fb5382a4b9bd2ea05648a457c583e5a69f0bfa3076ed1963d48bc42a2da81f",
                "sha256:26c515e2f92da839d531ef86a3bbaafc3f22bd9aea5eb0c1dc397f67abff56d7",
                "sha256:3913ad3fced813c4af551aae4511dc000c6d4df648430060593aec851bb5fc19",
                "sha256:3c17d683a11cf09eebf332e4771fc2973c15f8428a9a4fc478b39a422f32157b",
                "sha256:638e83a5c15a337e52d36620478d49dbf206a46d34bcc75ff03211e94b12267d",
                "sha256:76dfe5580cac661b0aad5f0d308c09d25b567c908a1695bd68986507fd61b61d",
                "sha256:80ed7683cf337f3b295e4b96153e2e87f12595c218323dc237c0147a6cc9da26",
                "sha256:827a9ad0ebfef467f047d17d83868f66eb44feb00daf2e3dbd404b6f1cb08858",
                "sha256:87eaf011912a06ef86da70aba2ca0ddb68b8ab84a7d1da6b144a586b70a61bca",
                "sha256:a02ee40770c6a2f3d168a8f71f09b62aec3e4fb366da83f8e849dbaa5b38d12f",
                "sha256:a8aee385282ab2a9813171b15f41317e22ab0a96cf05e9e9e16b29f4af8b6feb",
                "sha256:af651a87f950a13e45fd49510111f582717fb106a63d6a0c2d3ba86b29734f07",
                "sha256:afc2bbd1c5d9ecda8c2114a2793bda811ea175742c93dc77a02d5ed49c7a732e",
                "sha256:b6370bc29799223e9a4756e89f358cbfba8e4112fc5046403c849bcc52f1ff32",
                "sha256:b88e0516bc7f3979839f44adfdbfa8a57d81154a161cbd64642ace22892969af",
                "sha256:b931e7241d089df18e0e34a7bfba019bc89c5bf49af8894b4540a0857cb70b79",
                "sha256:c073ba91caeff93aaf9569c9c3ec3fd790290329cefa69eb6dcb43eabb832c2c",
                "sha256:c09a4a25007f113c82fcdf4b40ffcbcfaa3f26e428d9cbb9ea322fe27149bc39",
                "sha256:cfa89e5b05b7a79ab34e368293ad008321231e321b3ce4430487407b4fe3450a",
                "sha256:db263a60c728c86e6a74945f3f74cfe0ede252e726cf71e05a0c7aca8d9d5432",
                "sha256:e826eeda579fcee2624eea6014877103ca7510bd1353bfae1d64e1cabd691d35",
                "sha256:eef72e1726fa055510c1442c3bc3614a4fd0cd056e26c824c26a27d02ad9cfdd",
                "sha256:fb9a7a45944b28c16d25df7a91bf2b9bdb919fa2b9e11782366a1e737d266ec1",
                "sha256:fc5e120e3618741714c474b2427d08d36bd292855208b4397e325bd50d81439d"
            ],
            "markers": "python_version >= '3.10'",
            "version": "==8.1"
        }
    },
    "develop": {}
}
